{
    "_readme": [
        "This file locks the dependencies of your project to a known state",
        "Read more about it at https://getcomposer.org/doc/01-basic-usage.md#installing-dependencies",
        "This file is @generated automatically"
    ],
    "content-hash": "76ee1c46327f76dadc4981eaf6951e8a",
    "packages": [
        {
            "name": "linuxforphp/linuxforcomposer",
            "version": "0.9.8",
            "source": {
                "type": "git",
                "url": "https://github.com/linuxforphp/linuxforcomposer.git",
                "reference": "a4fac77365fedb3024767b6e19c1f82b824a9ede"
            },
            "dist": {
                "type": "zip",
                "url": "https://api.github.com/repos/linuxforphp/linuxforcomposer/zipball/a4fac77365fedb3024767b6e19c1f82b824a9ede",
                "reference": "a4fac77365fedb3024767b6e19c1f82b824a9ede",
                "shasum": ""
            },
            "require": {
                "php": "^5.6 || ^7.0",
                "symfony/console": "^3.4",
                "symfony/process": "^3.4"
            },
            "require-dev": {
                "codeclimate/php-test-reporter": "0.2.0",
                "mockery/mockery": "0.9.7",
                "pds/skeleton": "~1.0",
                "phpunit/phpunit": "^5.7",
                "psr/log": "1.0.0",
                "satooshi/php-coveralls": "~0.6",
                "squizlabs/php_codesniffer": "^2.3",
                "symfony/symfony": "3.4.*"
            },
            "bin": [
                "bin/linuxforcomposer.phar"
            ],
            "type": "library",
            "autoload": {
                "psr-4": {
                    "Linuxforcomposer\\": "src"
                }
            },
            "notification-url": "https://packagist.org/downloads/",
            "license": [
                "GPL-2.0-only"
            ],
            "authors": [
                {
                    "name": "Andrew Caya",
                    "email": "andrewscaya@yahoo.ca"
                }
            ],
            "description": "Composer package that helps to easily configure and run Linux for PHP containers for any PHP project.",
            "homepage": "https://linuxforphp.net",
            "keywords": [
                "Linux for Composer",
                "Linux for PHP",
                "composer",
                "docker",
                "php"
            ],
            "time": "2018-05-24T18:37:04+00:00"
        },
        {
            "name": "psr/log",
            "version": "1.0.2",
            "source": {
                "type": "git",
                "url": "https://github.com/php-fig/log.git",
                "reference": "4ebe3a8bf773a19edfe0a84b6585ba3d401b724d"
            },
            "dist": {
                "type": "zip",
                "url": "https://api.github.com/repos/php-fig/log/zipball/4ebe3a8bf773a19edfe0a84b6585ba3d401b724d",
                "reference": "4ebe3a8bf773a19edfe0a84b6585ba3d401b724d",
                "shasum": ""
            },
            "require": {
                "php": ">=5.3.0"
            },
            "type": "library",
            "extra": {
                "branch-alias": {
                    "dev-master": "1.0.x-dev"
                }
            },
            "autoload": {
                "psr-4": {
                    "Psr\\Log\\": "Psr/Log/"
                }
            },
            "notification-url": "https://packagist.org/downloads/",
            "license": [
                "MIT"
            ],
            "authors": [
                {
                    "name": "PHP-FIG",
                    "homepage": "http://www.php-fig.org/"
                }
            ],
            "description": "Common interface for logging libraries",
            "homepage": "https://github.com/php-fig/log",
            "keywords": [
                "log",
                "psr",
                "psr-3"
            ],
            "time": "2016-10-10T12:19:37+00:00"
        },
        {
            "name": "symfony/console",
            "version": "v3.4.10",
            "source": {
                "type": "git",
                "url": "https://github.com/symfony/console.git",
                "reference": "36f83f642443c46f3cf751d4d2ee5d047d757a27"
            },
            "dist": {
                "type": "zip",
                "url": "https://api.github.com/repos/symfony/console/zipball/36f83f642443c46f3cf751d4d2ee5d047d757a27",
                "reference": "36f83f642443c46f3cf751d4d2ee5d047d757a27",
                "shasum": ""
            },
            "require": {
                "php": "^5.5.9|>=7.0.8",
                "symfony/debug": "~2.8|~3.0|~4.0",
                "symfony/polyfill-mbstring": "~1.0"
            },
            "conflict": {
                "symfony/dependency-injection": "<3.4",
                "symfony/process": "<3.3"
            },
            "require-dev": {
                "psr/log": "~1.0",
                "symfony/config": "~3.3|~4.0",
                "symfony/dependency-injection": "~3.4|~4.0",
                "symfony/event-dispatcher": "~2.8|~3.0|~4.0",
                "symfony/lock": "~3.4|~4.0",
                "symfony/process": "~3.3|~4.0"
            },
            "suggest": {
                "psr/log-implementation": "For using the console logger",
                "symfony/event-dispatcher": "",
                "symfony/lock": "",
                "symfony/process": ""
            },
            "type": "library",
            "extra": {
                "branch-alias": {
                    "dev-master": "3.4-dev"
                }
            },
            "autoload": {
                "psr-4": {
                    "Symfony\\Component\\Console\\": ""
                },
                "exclude-from-classmap": [
                    "/Tests/"
                ]
            },
            "notification-url": "https://packagist.org/downloads/",
            "license": [
                "MIT"
            ],
            "authors": [
                {
                    "name": "Fabien Potencier",
                    "email": "fabien@symfony.com"
                },
                {
                    "name": "Symfony Community",
                    "homepage": "https://symfony.com/contributors"
                }
            ],
            "description": "Symfony Console Component",
            "homepage": "https://symfony.com",
            "time": "2018-05-16T08:49:21+00:00"
        },
        {
            "name": "symfony/debug",
            "version": "v3.4.10",
            "source": {
                "type": "git",
                "url": "https://github.com/symfony/debug.git",
                "reference": "b28fd73fefbac341f673f5efd707d539d6a19f68"
            },
            "dist": {
                "type": "zip",
                "url": "https://api.github.com/repos/symfony/debug/zipball/b28fd73fefbac341f673f5efd707d539d6a19f68",
                "reference": "b28fd73fefbac341f673f5efd707d539d6a19f68",
                "shasum": ""
            },
            "require": {
                "php": "^5.5.9|>=7.0.8",
                "psr/log": "~1.0"
            },
            "conflict": {
                "symfony/http-kernel": ">=2.3,<2.3.24|~2.4.0|>=2.5,<2.5.9|>=2.6,<2.6.2"
            },
            "require-dev": {
                "symfony/http-kernel": "~2.8|~3.0|~4.0"
            },
            "type": "library",
            "extra": {
                "branch-alias": {
                    "dev-master": "3.4-dev"
                }
            },
            "autoload": {
                "psr-4": {
                    "Symfony\\Component\\Debug\\": ""
                },
                "exclude-from-classmap": [
                    "/Tests/"
                ]
            },
            "notification-url": "https://packagist.org/downloads/",
            "license": [
                "MIT"
            ],
            "authors": [
                {
                    "name": "Fabien Potencier",
                    "email": "fabien@symfony.com"
                },
                {
                    "name": "Symfony Community",
                    "homepage": "https://symfony.com/contributors"
                }
            ],
            "description": "Symfony Debug Component",
            "homepage": "https://symfony.com",
            "time": "2018-05-16T14:03:39+00:00"
        },
        {
            "name": "symfony/polyfill-mbstring",
            "version": "v1.8.0",
            "source": {
                "type": "git",
                "url": "https://github.com/symfony/polyfill-mbstring.git",
                "reference": "3296adf6a6454a050679cde90f95350ad604b171"
            },
            "dist": {
                "type": "zip",
                "url": "https://api.github.com/repos/symfony/polyfill-mbstring/zipball/3296adf6a6454a050679cde90f95350ad604b171",
                "reference": "3296adf6a6454a050679cde90f95350ad604b171",
                "shasum": ""
            },
            "require": {
                "php": ">=5.3.3"
            },
            "suggest": {
                "ext-mbstring": "For best performance"
            },
            "type": "library",
            "extra": {
                "branch-alias": {
                    "dev-master": "1.8-dev"
                }
            },
            "autoload": {
                "psr-4": {
                    "Symfony\\Polyfill\\Mbstring\\": ""
                },
                "files": [
                    "bootstrap.php"
                ]
            },
            "notification-url": "https://packagist.org/downloads/",
            "license": [
                "MIT"
            ],
            "authors": [
                {
                    "name": "Nicolas Grekas",
                    "email": "p@tchwork.com"
                },
                {
                    "name": "Symfony Community",
                    "homepage": "https://symfony.com/contributors"
                }
            ],
            "description": "Symfony polyfill for the Mbstring extension",
            "homepage": "https://symfony.com",
            "keywords": [
                "compatibility",
                "mbstring",
                "polyfill",
                "portable",
                "shim"
            ],
            "time": "2018-04-26T10:06:28+00:00"
        },
        {
            "name": "symfony/process",
            "version": "v3.4.10",
            "source": {
                "type": "git",
                "url": "https://github.com/symfony/process.git",
                "reference": "4cbf2db9abcb01486a21b7a059e03a62fae63187"
            },
            "dist": {
                "type": "zip",
                "url": "https://api.github.com/repos/symfony/process/zipball/4cbf2db9abcb01486a21b7a059e03a62fae63187",
                "reference": "4cbf2db9abcb01486a21b7a059e03a62fae63187",
                "shasum": ""
            },
            "require": {
                "php": "^5.5.9|>=7.0.8"
            },
            "type": "library",
            "extra": {
                "branch-alias": {
                    "dev-master": "3.4-dev"
                }
            },
            "autoload": {
                "psr-4": {
                    "Symfony\\Component\\Process\\": ""
                },
                "exclude-from-classmap": [
                    "/Tests/"
                ]
            },
            "notification-url": "https://packagist.org/downloads/",
            "license": [
                "MIT"
            ],
            "authors": [
                {
                    "name": "Fabien Potencier",
                    "email": "fabien@symfony.com"
                },
                {
                    "name": "Symfony Community",
                    "homepage": "https://symfony.com/contributors"
                }
            ],
            "description": "Symfony Process Component",
            "homepage": "https://symfony.com",
            "time": "2018-05-16T08:49:21+00:00"
        }
    ],
    "packages-dev": [],
    "aliases": [],
    "minimum-stability": "stable",
    "stability-flags": [],
    "prefer-stable": false,
    "prefer-lowest": false,
    "platform": [],
    "platform-dev": []
}
